// !$*UTF8*$!
{
	archiveVersion = 1;
	classes = {
	};
	objectVersion = 48;
	objects = {

/* Begin PBXBuildFile section */
		660DEC651FF60BDA00EE19C3 /* SafeZombieSniffer.m in Sources */ = {isa = PBXBuildFile; fileRef = 660DEC571FF60BDA00EE19C3 /* SafeZombieSniffer.m */; };
		660DEC661FF60BDA00EE19C3 /* SafeZombieProxy.m in Sources */ = {isa = PBXBuildFile; fileRef = 660DEC581FF60BDA00EE19C3 /* SafeZombieProxy.m */; };
		660DEC671FF60BDA00EE19C3 /* SafeObserver.m in Sources */ = {isa = PBXBuildFile; fileRef = 660DEC5B1FF60BDA00EE19C3 /* SafeObserver.m */; };
		660DEC681FF60BDA00EE19C3 /* SafeKit.m in Sources */ = {isa = PBXBuildFile; fileRef = 660DEC5C1FF60BDA00EE19C3 /* SafeKit.m */; };
		660DEC691FF60BDA00EE19C3 /* SafeContainer.m in Sources */ = {isa = PBXBuildFile; fileRef = 660DEC5D1FF60BDA00EE19C3 /* SafeContainer.m */; };
		660DEC6A1FF60BDA00EE19C3 /* SafeCallSelector.m in Sources */ = {isa = PBXBuildFile; fileRef = 660DEC5E1FF60BDA00EE19C3 /* SafeCallSelector.m */; };
		660DEC6B1FF60BDA00EE19C3 /* SafeTimer.m in Sources */ = {isa = PBXBuildFile; fileRef = 660DEC631FF60BDA00EE19C3 /* SafeTimer.m */; };
		848FB7911F975664009323C1 /* AppDelegate.m in Sources */ = {isa = PBXBuildFile; fileRef = 848FB7901F975664009323C1 /* AppDelegate.m */; };
		848FB7941F975664009323C1 /* ViewController.m in Sources */ = {isa = PBXBuildFile; fileRef = 848FB7931F975664009323C1 /* ViewController.m */; };
		848FB7971F975664009323C1 /* Main.storyboard in Resources */ = {isa = PBXBuildFile; fileRef = 848FB7951F975664009323C1 /* Main.storyboard */; };
		848FB7991F975664009323C1 /* Assets.xcassets in Resources */ = {isa = PBXBuildFile; fileRef = 848FB7981F975664009323C1 /* Assets.xcassets */; };
		848FB79C1F975664009323C1 /* LaunchScreen.storyboard in Resources */ = {isa = PBXBuildFile; fileRef = 848FB79A1F975664009323C1 /* LaunchScreen.storyboard */; };
		848FB79F1F975664009323C1 /* main.m in Sources */ = {isa = PBXBuildFile; fileRef = 848FB79E1F975664009323C1 /* main.m */; };
		848FB7A71F98329C009323C1 /* NextViewController.m in Sources */ = {isa = PBXBuildFile; fileRef = 848FB7A61F98329C009323C1 /* NextViewController.m */; };
/* End PBXBuildFile section */

/* Begin PBXFileReference section */
		660DEC561FF60BDA00EE19C3 /* SafeZombieProxy.h */ = {isa = PBXFileReference; fileEncoding = 4; lastKnownFileType = sourcecode.c.h; path = SafeZombieProxy.h; sourceTree = "<group>"; };
		660DEC571FF60BDA00EE19C3 /* SafeZombieSniffer.m */ = {isa = PBXFileReference; fileEncoding = 4; lastKnownFileType = sourcecode.c.objc; path = SafeZombieSniffer.m; sourceTree = "<group>"; };
		660DEC581FF60BDA00EE19C3 /* SafeZombieProxy.m */ = {isa = PBXFileReference; fileEncoding = 4; lastKnownFileType = sourcecode.c.objc; path = SafeZombieProxy.m; sourceTree = "<group>"; };
		660DEC591FF60BDA00EE19C3 /* SafeZombieSniffer.h */ = {isa = PBXFileReference; fileEncoding = 4; lastKnownFileType = sourcecode.c.h; path = SafeZombieSniffer.h; sourceTree = "<group>"; };
		660DEC5B1FF60BDA00EE19C3 /* SafeObserver.m */ = {isa = PBXFileReference; fileEncoding = 4; lastKnownFileType = sourcecode.c.objc; path = SafeObserver.m; sourceTree = "<group>"; };
		660DEC5C1FF60BDA00EE19C3 /* SafeKit.m */ = {isa = PBXFileReference; fileEncoding = 4; lastKnownFileType = sourcecode.c.objc; path = SafeKit.m; sourceTree = "<group>"; };
		660DEC5D1FF60BDA00EE19C3 /* SafeContainer.m */ = {isa = PBXFileReference; fileEncoding = 4; lastKnownFileType = sourcecode.c.objc; path = SafeContainer.m; sourceTree = "<group>"; };
		660DEC5E1FF60BDA00EE19C3 /* SafeCallSelector.m */ = {isa = PBXFileReference; fileEncoding = 4; lastKnownFileType = sourcecode.c.objc; path = SafeCallSelector.m; sourceTree = "<group>"; };
		660DEC5F1FF60BDA00EE19C3 /* SafeTimer.h */ = {isa = PBXFileReference; fileEncoding = 4; lastKnownFileType = sourcecode.c.h; path = SafeTimer.h; sourceTree = "<group>"; };
		660DEC601FF60BDA00EE19C3 /* SafeKit.h */ = {isa = PBXFileReference; fileEncoding = 4; lastKnownFileType = sourcecode.c.h; path = SafeKit.h; sourceTree = "<group>"; };
		660DEC611FF60BDA00EE19C3 /* SafeObserver.h */ = {isa = PBXFileReference; fileEncoding = 4; lastKnownFileType = sourcecode.c.h; path = SafeObserver.h; sourceTree = "<group>"; };
		660DEC621FF60BDA00EE19C3 /* SafeContainer.h */ = {isa = PBXFileReference; fileEncoding = 4; lastKnownFileType = sourcecode.c.h; path = SafeContainer.h; sourceTree = "<group>"; };
		660DEC631FF60BDA00EE19C3 /* SafeTimer.m */ = {isa = PBXFileReference; fileEncoding = 4; lastKnownFileType = sourcecode.c.objc; path = SafeTimer.m; sourceTree = "<group>"; };
		660DEC641FF60BDA00EE19C3 /* SafeCallSelector.h */ = {isa = PBXFileReference; fileEncoding = 4; lastKnownFileType = sourcecode.c.h; path = SafeCallSelector.h; sourceTree = "<group>"; };
		848FB78C1F975664009323C1 /* timerLeak.app */ = {isa = PBXFileReference; explicitFileType = wrapper.application; includeInIndex = 0; path = timerLeak.app; sourceTree = BUILT_PRODUCTS_DIR; };
		848FB78F1F975664009323C1 /* AppDelegate.h */ = {isa = PBXFileReference; lastKnownFileType = sourcecode.c.h; path = AppDelegate.h; sourceTree = "<group>"; };
		848FB7901F975664009323C1 /* AppDelegate.m */ = {isa = PBXFileReference; lastKnownFileType = sourcecode.c.objc; path = AppDelegate.m; sourceTree = "<group>"; };
		848FB7921F975664009323C1 /* ViewController.h */ = {isa = PBXFileReference; lastKnownFileType = sourcecode.c.h; path = ViewController.h; sourceTree = "<group>"; };
		848FB7931F975664009323C1 /* ViewController.m */ = {isa = PBXFileReference; lastKnownFileType = sourcecode.c.objc; path = ViewController.m; sourceTree = "<group>"; };
		848FB7961F975664009323C1 /* Base */ = {isa = PBXFileReference; lastKnownFileType = file.storyboard; name = Base; path = Base.lproj/Main.storyboard; sourceTree = "<group>"; };
		848FB7981F975664009323C1 /* Assets.xcassets */ = {isa = PBXFileReference; lastKnownFileType = folder.assetcatalog; path = Assets.xcassets; sourceTree = "<group>"; };
		848FB79B1F975664009323C1 /* Base */ = {isa = PBXFileReference; lastKnownFileType = file.storyboard; name = Base; path = Base.lproj/LaunchScreen.storyboard; sourceTree = "<group>"; };
		848FB79D1F975664009323C1 /* Info.plist */ = {isa = PBXFileReference; lastKnownFileType = text.plist.xml; path = Info.plist; sourceTree = "<group>"; };
		848FB79E1F975664009323C1 /* main.m */ = {isa = PBXFileReference; lastKnownFileType = sourcecode.c.objc; path = main.m; sourceTree = "<group>"; };
		848FB7A51F98329C009323C1 /* NextViewController.h */ = {isa = PBXFileReference; lastKnownFileType = sourcecode.c.h; path = NextViewController.h; sourceTree = "<group>"; };
		848FB7A61F98329C009323C1 /* NextViewController.m */ = {isa = PBXFileReference; lastKnownFileType = sourcecode.c.objc; path = NextViewController.m; sourceTree = "<group>"; };
/* End PBXFileReference section */

/* Begin PBXFrameworksBuildPhase section */
		848FB7891F975664009323C1 /* Frameworks */ = {
			isa = PBXFrameworksBuildPhase;
			buildActionMask = 2147483647;
			files = (
			);
			runOnlyForDeploymentPostprocessing = 0;
		};
/* End PBXFrameworksBuildPhase section */

/* Begin PBXGroup section */
		660DEC551FF60BDA00EE19C3 /* safeKit */ = {
			isa = PBXGroup;
			children = (
				660DEC561FF60BDA00EE19C3 /* SafeZombieProxy.h */,
				660DEC571FF60BDA00EE19C3 /* SafeZombieSniffer.m */,
				660DEC581FF60BDA00EE19C3 /* SafeZombieProxy.m */,
				660DEC591FF60BDA00EE19C3 /* SafeZombieSniffer.h */,
				660DEC5A1FF60BDA00EE19C3 /* ARC */,
			);
			path = safeKit;
			sourceTree = SOURCE_ROOT;
		};
		660DEC5A1FF60BDA00EE19C3 /* ARC */ = {
			isa = PBXGroup;
			children = (
				660DEC5B1FF60BDA00EE19C3 /* SafeObserver.m */,
				660DEC5C1FF60BDA00EE19C3 /* SafeKit.m */,
				660DEC5D1FF60BDA00EE19C3 /* SafeContainer.m */,
				660DEC5E1FF60BDA00EE19C3 /* SafeCallSelector.m */,
				660DEC5F1FF60BDA00EE19C3 /* SafeTimer.h */,
				660DEC601FF60BDA00EE19C3 /* SafeKit.h */,
				660DEC611FF60BDA00EE19C3 /* SafeObserver.h */,
				660DEC621FF60BDA00EE19C3 /* SafeContainer.h */,
				660DEC631FF60BDA00EE19C3 /* SafeTimer.m */,
				660DEC641FF60BDA00EE19C3 /* SafeCallSelector.h */,
			);
			path = ARC;
			sourceTree = "<group>";
		};
		66A5C0F71FDE37FD0054BB48 /* Frameworks */ = {
			isa = PBXGroup;
			children = (
			);
			name = Frameworks;
			sourceTree = "<group>";
		};
		848FB7831F975663009323C1 = {
			isa = PBXGroup;
			children = (
				848FB78E1F975664009323C1 /* timerLeak */,
				848FB78D1F975664009323C1 /* Products */,
				66A5C0F71FDE37FD0054BB48 /* Frameworks */,
			);
			sourceTree = "<group>";
		};
		848FB78D1F975664009323C1 /* Products */ = {
			isa = PBXGroup;
			children = (
				848FB78C1F975664009323C1 /* timerLeak.app */,
			);
			name = Products;
			sourceTree = "<group>";
		};
		848FB78E1F975664009323C1 /* timerLeak */ = {
			isa = PBXGroup;
			children = (
				660DEC551FF60BDA00EE19C3 /* safeKit */,
				848FB78F1F975664009323C1 /* AppDelegate.h */,
				848FB7901F975664009323C1 /* AppDelegate.m */,
				848FB7921F975664009323C1 /* ViewController.h */,
				848FB7931F975664009323C1 /* ViewController.m */,
				848FB7A51F98329C009323C1 /* NextViewController.h */,
				848FB7A61F98329C009323C1 /* NextViewController.m */,
				848FB7951F975664009323C1 /* Main.storyboard */,
				848FB7981F975664009323C1 /* Assets.xcassets */,
				848FB79A1F975664009323C1 /* LaunchScreen.storyboard */,
				848FB79D1F975664009323C1 /* Info.plist */,
				848FB79E1F975664009323C1 /* main.m */,
			);
			path = timerLeak;
			sourceTree = "<group>";
		};
/* End PBXGroup section */

/* Begin PBXNativeTarget section */
		848FB78B1F975664009323C1 /* timerLeak */ = {
			isa = PBXNativeTarget;
			buildConfigurationList = 848FB7A21F975664009323C1 /* Build configuration list for PBXNativeTarget "timerLeak" */;
			buildPhases = (
				848FB7881F975664009323C1 /* Sources */,
				848FB7891F975664009323C1 /* Frameworks */,
				848FB78A1F975664009323C1 /* Resources */,
			);
			buildRules = (
			);
			dependencies = (
			);
			name = timerLeak;
			productName = timerLeak;
			productReference = 848FB78C1F975664009323C1 /* timerLeak.app */;
			productType = "com.apple.product-type.application";
		};
/* End PBXNativeTarget section */

/* Begin PBXProject section */
		848FB7841F975663009323C1 /* Project object */ = {
			isa = PBXProject;
			attributes = {
				LastUpgradeCheck = 0900;
				ORGANIZATIONNAME = sunhua;
				TargetAttributes = {
					848FB78B1F975664009323C1 = {
						CreatedOnToolsVersion = 9.0;
						ProvisioningStyle = Automatic;
					};
				};
			};
			buildConfigurationList = 848FB7871F975663009323C1 /* Build configuration list for PBXProject "timerLeak" */;
			compatibilityVersion = "Xcode 8.0";
			developmentRegion = en;
			hasScannedForEncodings = 0;
			knownRegions = (
				en,
				Base,
			);
			mainGroup = 848FB7831F975663009323C1;
			productRefGroup = 848FB78D1F975664009323C1 /* Products */;
			projectDirPath = "";
			projectRoot = "";
			targets = (
				848FB78B1F975664009323C1 /* timerLeak */,
			);
		};
/* End PBXProject section */

/* Begin PBXResourcesBuildPhase section */
		848FB78A1F975664009323C1 /* Resources */ = {
			isa = PBXResourcesBuildPhase;
			buildActionMask = 2147483647;
			files = (
				848FB79C1F975664009323C1 /* LaunchScreen.storyboard in Resources */,
				848FB7991F975664009323C1 /* Assets.xcassets in Resources */,
				848FB7971F975664009323C1 /* Main.storyboard in Resources */,
			);
			runOnlyForDeploymentPostprocessing = 0;
		};
/* End PBXResourcesBuildPhase section */

/* Begin PBXSourcesBuildPhase section */
		848FB7881F975664009323C1 /* Sources */ = {
			isa = PBXSourcesBuildPhase;
			buildActionMask = 2147483647;
			files = (
				848FB7941F975664009323C1 /* ViewController.m in Sources */,
				848FB7A71F98329C009323C1 /* NextViewController.m in Sources */,
				848FB79F1F975664009323C1 /* main.m in Sources */,
				660DEC681FF60BDA00EE19C3 /* SafeKit.m in Sources */,
				660DEC661FF60BDA00EE19C3 /* SafeZombieProxy.m in Sources */,
				660DEC671FF60BDA00EE19C3 /* SafeObserver.m in Sources */,
				848FB7911F975664009323C1 /* AppDelegate.m in Sources */,
				660DEC6B1FF60BDA00EE19C3 /* SafeTimer.m in Sources */,
				660DEC691FF60BDA00EE19C3 /* SafeContainer.m in Sources */,
				660DEC651FF60BDA00EE19C3 /* SafeZombieSniffer.m in Sources */,
				660DEC6A1FF60BDA00EE19C3 /* SafeCallSelector.m in Sources */,
			);
			runOnlyForDeploymentPostprocessing = 0;
		};
/* End PBXSourcesBuildPhase section */

/* Begin PBXVariantGroup section */
		848FB7951F975664009323C1 /* Main.storyboard */ = {
			isa = PBXVariantGroup;
			children = (
				848FB7961F975664009323C1 /* Base */,
			);
			name = Main.storyboard;
			sourceTree = "<group>";
		};
		848FB79A1F975664009323C1 /* LaunchScreen.storyboard */ = {
			isa = PBXVariantGroup;
			children = (
				848FB79B1F975664009323C1 /* Base */,
			);
			name = LaunchScreen.storyboard;
			sourceTree = "<group>";
		};
/* End PBXVariantGroup section */

/* Begin XCBuildConfiguration section */
		848FB7A01F975664009323C1 /* Debug */ = {
			isa = XCBuildConfiguration;
			buildSettings = {
				ALWAYS_SEARCH_USER_PATHS = NO;
				CLANG_ANALYZER_NONNULL = YES;
				CLANG_ANALYZER_NUMBER_OBJECT_CONVERSION = YES_AGGRESSIVE;
				CLANG_CXX_LANGUAGE_STANDARD = "gnu++14";
				CLANG_CXX_LIBRARY = "libc++";
				CLANG_ENABLE_MODULES = YES;
				CLANG_ENABLE_OBJC_ARC = YES;
				CLANG_WARN_BLOCK_CAPTURE_AUTORELEASING = YES;
				CLANG_WARN_BOOL_CONVERSION = YES;
				CLANG_WARN_COMMA = YES;
				CLANG_WARN_CONSTANT_CONVERSION = YES;
				CLANG_WARN_DIRECT_OBJC_ISA_USAGE = YES_ERROR;
				CLANG_WARN_DOCUMENTATION_COMMENTS = YES;
				CLANG_WARN_EMPTY_BODY = YES;
				CLANG_WARN_ENUM_CONVERSION = YES;
				CLANG_WARN_INFINITE_RECURSION = YES;
				CLANG_WARN_INT_CONVERSION = YES;
				CLANG_WARN_NON_LITERAL_NULL_CONVERSION = YES;
				CLANG_WARN_OBJC_LITERAL_CONVERSION = YES;
				CLANG_WARN_OBJC_ROOT_CLASS = YES_ERROR;
				CLANG_WARN_RANGE_LOOP_ANALYSIS = YES;
				CLANG_WARN_STRICT_PROTOTYPES = YES;
				CLANG_WARN_SUSPICIOUS_MOVE = YES;
				CLANG_WARN_UNGUARDED_AVAILABILITY = YES_AGGRESSIVE;
				CLANG_WARN_UNREACHABLE_CODE = YES;
				CLANG_WARN__DUPLICATE_METHOD_MATCH = YES;
				CODE_SIGN_IDENTITY = "iPhone Developer";
				COPY_PHASE_STRIP = NO;
				DEBUG_INFORMATION_FORMAT = dwarf;
				ENABLE_STRICT_OBJC_MSGSEND = YES;
				ENABLE_TESTABILITY = YES;
				GCC_C_LANGUAGE_STANDARD = gnu11;
				GCC_DYNAMIC_NO_PIC = NO;
				GCC_NO_COMMON_BLOCKS = YES;
				GCC_OPTIMIZATION_LEVEL = 0;
				GCC_PREPROCESSOR_DEFINITIONS = (
					"DEBUG=1",
					"$(inherited)",
				);
				GCC_WARN_64_TO_32_BIT_CONVERSION = YES;
				GCC_WARN_ABOUT_RETURN_TYPE = YES_ERROR;
				GCC_WARN_UNDECLARED_SELECTOR = YES;
				GCC_WARN_UNINITIALIZED_AUTOS = YES_AGGRESSIVE;
				GCC_WARN_UNUSED_FUNCTION = YES;
				GCC_WARN_UNUSED_VARIABLE = YES;
				IPHONEOS_DEPLOYMENT_TARGET = 11.0;
				MTL_ENABLE_DEBUG_INFO = YES;
				ONLY_ACTIVE_ARCH = YES;
				SDKROOT = iphoneos;
			};
			name = Debug;
		};
		848FB7A11F975664009323C1 /* Release */ = {
			isa = XCBuildConfiguration;
			buildSettings = {
				ALWAYS_SEARCH_USER_PATHS = NO;
				CLANG_ANALYZER_NONNULL = YES;
				CLANG_ANALYZER_NUMBER_OBJECT_CONVERSION = YES_AGGRESSIVE;
				CLANG_CXX_LANGUAGE_STANDARD = "gnu++14";
				CLANG_CXX_LIBRARY = "libc++";
				CLANG_ENABLE_MODULES = YES;
				CLANG_ENABLE_OBJC_ARC = YES;
				CLANG_WARN_BLOCK_CAPTURE_AUTORELEASING = YES;
				CLANG_WARN_BOOL_CONVERSION = YES;
				CLANG_WARN_COMMA = YES;
				CLANG_WARN_CONSTANT_CONVERSION = YES;
				CLANG_WARN_DIRECT_OBJC_ISA_USAGE = YES_ERROR;
				CLANG_WARN_DOCUMENTATION_COMMENTS = YES;
				CLANG_WARN_EMPTY_BODY = YES;
				CLANG_WARN_ENUM_CONVERSION = YES;
				CLANG_WARN_INFINITE_RECURSION = YES;
				CLANG_WARN_INT_CONVERSION = YES;
				CLANG_WARN_NON_LITERAL_NULL_CONVERSION = YES;
				CLANG_WARN_OBJC_LITERAL_CONVERSION = YES;
				CLANG_WARN_OBJC_ROOT_CLASS = YES_ERROR;
				CLANG_WARN_RANGE_LOOP_ANALYSIS = YES;
				CLANG_WARN_STRICT_PROTOTYPES = YES;
				CLANG_WARN_SUSPICIOUS_MOVE = YES;
				CLANG_WARN_UNGUARDED_AVAILABILITY = YES_AGGRESSIVE;
				CLANG_WARN_UNREACHABLE_CODE = YES;
				CLANG_WARN__DUPLICATE_METHOD_MATCH = YES;
				CODE_SIGN_IDENTITY = "iPhone Developer";
				COPY_PHASE_STRIP = NO;
				DEBUG_INFORMATION_FORMAT = "dwarf-with-dsym";
				ENABLE_NS_ASSERTIONS = NO;
				ENABLE_STRICT_OBJC_MSGSEND = YES;
				GCC_C_LANGUAGE_STANDARD = gnu11;
				GCC_NO_COMMON_BLOCKS = YES;
				GCC_WARN_64_TO_32_BIT_CONVERSION = YES;
				GCC_WARN_ABOUT_RETURN_TYPE = YES_ERROR;
				GCC_WARN_UNDECLARED_SELECTOR = YES;
				GCC_WARN_UNINITIALIZED_AUTOS = YES_AGGRESSIVE;
				GCC_WARN_UNUSED_FUNCTION = YES;
				GCC_WARN_UNUSED_VARIABLE = YES;
				IPHONEOS_DEPLOYMENT_TARGET = 11.0;
				MTL_ENABLE_DEBUG_INFO = NO;
				SDKROOT = iphoneos;
				VALIDATE_PRODUCT = YES;
			};
			name = Release;
		};
		848FB7A31F975664009323C1 /* Debug */ = {
			isa = XCBuildConfiguration;
			buildSettings = {
				ASSETCATALOG_COMPILER_APPICON_NAME = AppIcon;
				CODE_SIGN_STYLE = Automatic;
				DEVELOPMENT_TEAM = A8F3MV4JCX;
				FRAMEWORK_SEARCH_PATHS = (
					"$(inherited)",
					"$(PROJECT_DIR)",
				);
				INFOPLIST_FILE = timerLeak/Info.plist;
				IPHONEOS_DEPLOYMENT_TARGET = 8.0;
				LD_RUNPATH_SEARCH_PATHS = "$(inherited) @executable_path/Frameworks";
				ONLY_ACTIVE_ARCH = YES;
				PRODUCT_BUNDLE_IDENTIFIER = com.focustech.StudyFun;
				PRODUCT_NAME = "$(TARGET_NAME)";
				TARGETED_DEVICE_FAMILY = "1,2";
			};
			name = Debug;
		};
		848FB7A41F975664009323C1 /* Release */ = {
			isa = XCBuildConfiguration;
			buildSettings = {
				ASSETCATALOG_COMPILER_APPICON_NAME = AppIcon;
				CODE_SIGN_STYLE = Automatic;
				DEVELOPMENT_TEAM = A8F3MV4JCX;
				FRAMEWORK_SEARCH_PATHS = (
					"$(inherited)",
					"$(PROJECT_DIR)",
				);
				INFOPLIST_FILE = timerLeak/Info.plist;
				IPHONEOS_DEPLOYMENT_TARGET = 8.0;
				LD_RUNPATH_SEARCH_PATHS = "$(inherited) @executable_path/Frameworks";
				ONLY_ACTIVE_ARCH = NO;
				PRODUCT_BUNDLE_IDENTIFIER = com.focustech.StudyFun;
				PRODUCT_NAME = "$(TARGET_NAME)";
				TARGETED_DEVICE_FAMILY = "1,2";
			};
			name = Release;
		};
/* End XCBuildConfiguration section */

/* Begin XCConfigurationList section */
		848FB7871F975663009323C1 /* Build configuration list for PBXProject "timerLeak" */ = {
			isa = XCConfigurationList;
			buildConfigurations = (
				848FB7A01F975664009323C1 /* Debug */,
				848FB7A11F975664009323C1 /* Release */,
			);
			defaultConfigurationIsVisible = 0;
			defaultConfigurationName = Release;
		};
		848FB7A21F975664009323C1 /* Build configuration list for PBXNativeTarget "timerLeak" */ = {
			isa = XCConfigurationList;
			buildConfigurations = (
				848FB7A31F975664009323C1 /* Debug */,
				848FB7A41F975664009323C1 /* Release */,
			);
			defaultConfigurationIsVisible = 0;
			defaultConfigurationName = Release;
		};
/* End XCConfigurationList section */
	};
	rootObject = 848FB7841F975663009323C1 /* Project object */;
}
